
Microsoft Visual Studio Solution File, Format Version 12.00
# Visual Studio 15
VisualStudioVersion = 15.0.28010.2036
MinimumVisualStudioVersion = 10.0.40219.1
Project("{FAE04EC0-301F-11D3-BF4B-00C04F79EFBC}") = "lithnet.activedirectory.passwordchange.web", "lithnet.activedirectory.passwordchange.web\lithnet.activedirectory.passwordchange.web.csproj", "{CBA01866-6B7A-4909-BEEC-446EB8E9E903}"
EndProject
Global
	GlobalSection(SolutionConfigurationPlatforms) = preSolution
		Debug|Any CPU = Debug|Any CPU
		Release|Any CPU = Release|Any CPU
	EndGlobalSection
	GlobalSection(ProjectConfigurationPlatforms) = postSolution
		{CBA01866-6B7A-4909-BEEC-446EB8E9E903}.Debug|Any CPU.ActiveCfg = Debug|Any CPU
		{CBA01866-6B7A-4909-BEEC-446EB8E9E903}.Debug|Any CPU.Build.0 = Debug|Any CPU
		{CBA01866-6B7A-4909-BEEC-446EB8E9E903}.Release|Any CPU.ActiveCfg = Release|Any CPU
		{CBA01866-6B7A-4909-BEEC-446EB8E9E903}.Release|Any CPU.Build.0 = Release|Any CPU
	EndGlobalSection
	GlobalSection(SolutionProperties) = preSolution
		HideSolutionNode = FALSE
	EndGlobalSection
	GlobalSection(ExtensibilityGlobals) = postSolution
		SolutionGuid = {A0B04A10-839B-4D60-A13E-3C357EB4F709}
	EndGlobalSection
EndGlobal
